// !$*UTF8*$!
{
	archiveVersion = 1;
	classes = {
	};
	objectVersion = 56;
	objects = {

/* Begin PBXBuildFile section */
		A00000000000000000000001 /* AppDelegate.swift in Sources */ = {isa = PBXBuildFile; fileRef = A00000000000000000000031 /* AppDelegate.swift */; };
		A00000000000000000000002 /* SceneController.swift in Sources */ = {isa = PBXBuildFile; fileRef = A00000000000000000000032 /* SceneController.swift */; };
		A00000000000000000000003 /* AppEnvironment.swift in Sources */ = {isa = PBXBuildFile; fileRef = A00000000000000000000033 /* AppEnvironment.swift */; };
		A00000000000000000000004 /* AppRouteCoordinator.swift in Sources */ = {isa = PBXBuildFile; fileRef = A00000000000000000000034 /* AppRouteCoordinator.swift */; };
		A00000000000000000000005 /* CustomerScopePolicy.swift in Sources */ = {isa = PBXBuildFile; fileRef = A00000000000000000000035 /* CustomerScopePolicy.swift */; };
		A00000000000000000000006 /* NativeAuthCallback.swift in Sources */ = {isa = PBXBuildFile; fileRef = A00000000000000000000036 /* NativeAuthCallback.swift */; };
		A00000000000000000000007 /* OAuthSessionCoordinator.swift in Sources */ = {isa = PBXBuildFile; fileRef = A00000000000000000000037 /* OAuthSessionCoordinator.swift */; };
		A00000000000000000000008 /* UIApplication+KeyWindow.swift in Sources */ = {isa = PBXBuildFile; fileRef = A00000000000000000000038 /* UIApplication+KeyWindow.swift */; };
		A00000000000000000000012 /* NativeAppleSignInCoordinator.swift in Sources */ = {isa = PBXBuildFile; fileRef = A00000000000000000000043 /* NativeAppleSignInCoordinator.swift */; };
		A00000000000000000000009 /* CustomerScopeRouteDecisionHandler.swift in Sources */ = {isa = PBXBuildFile; fileRef = A00000000000000000000039 /* CustomerScopeRouteDecisionHandler.swift */; };
		A0000000000000000000000A /* OAuthRouteDecisionHandler.swift in Sources */ = {isa = PBXBuildFile; fileRef = A0000000000000000000003A /* OAuthRouteDecisionHandler.swift */; };
		A0000000000000000000000B /* SignInWithOAuthComponent.swift in Sources */ = {isa = PBXBuildFile; fileRef = A0000000000000000000003B /* SignInWithOAuthComponent.swift */; };
		A0000000000000000000000C /* Assets.xcassets in Resources */ = {isa = PBXBuildFile; fileRef = A0000000000000000000003C /* Assets.xcassets */; };
		A0000000000000000000000D /* LaunchScreen.storyboard in Resources */ = {isa = PBXBuildFile; fileRef = A000000000000000000000A0 /* LaunchScreen.storyboard */; };
		A0000000000000000000000E /* ios_v1.json in Resources */ = {isa = PBXBuildFile; fileRef = A0000000000000000000003F /* ios_v1.json */; };
		A0000000000000000000000F /* HotwireNative in Frameworks */ = {isa = PBXBuildFile; productRef = A000000000000000000000C1 /* HotwireNative */; };
		A00000000000000000000010 /* NurioTests.swift in Sources */ = {isa = PBXBuildFile; fileRef = A00000000000000000000041 /* NurioTests.swift */; };
		A00000000000000000000011 /* PrivacyInfo.xcprivacy in Resources */ = {isa = PBXBuildFile; fileRef = A00000000000000000000042 /* PrivacyInfo.xcprivacy */; };
/* End PBXBuildFile section */

/* Begin PBXContainerItemProxy section */
		A00000000000000000000020 /* PBXContainerItemProxy */ = {
			isa = PBXContainerItemProxy;
			containerPortal = A00000000000000000000100 /* Project object */;
			proxyType = 1;
			remoteGlobalIDString = A00000000000000000000070;
			remoteInfo = Nurio;
		};
/* End PBXContainerItemProxy section */

/* Begin PBXFileReference section */
		A00000000000000000000030 /* Nurio.app */ = {isa = PBXFileReference; explicitFileType = wrapper.application; includeInIndex = 0; path = Nurio.app; sourceTree = BUILT_PRODUCTS_DIR; };
		A00000000000000000000031 /* AppDelegate.swift */ = {isa = PBXFileReference; lastKnownFileType = sourcecode.swift; path = AppDelegate.swift; sourceTree = "<group>"; };
		A00000000000000000000032 /* SceneController.swift */ = {isa = PBXFileReference; lastKnownFileType = sourcecode.swift; path = SceneController.swift; sourceTree = "<group>"; };
		A00000000000000000000033 /* AppEnvironment.swift */ = {isa = PBXFileReference; lastKnownFileType = sourcecode.swift; path = AppEnvironment.swift; sourceTree = "<group>"; };
		A00000000000000000000034 /* AppRouteCoordinator.swift */ = {isa = PBXFileReference; lastKnownFileType = sourcecode.swift; path = AppRouteCoordinator.swift; sourceTree = "<group>"; };
		A00000000000000000000035 /* CustomerScopePolicy.swift */ = {isa = PBXFileReference; lastKnownFileType = sourcecode.swift; path = CustomerScopePolicy.swift; sourceTree = "<group>"; };
		A00000000000000000000036 /* NativeAuthCallback.swift */ = {isa = PBXFileReference; lastKnownFileType = sourcecode.swift; path = NativeAuthCallback.swift; sourceTree = "<group>"; };
		A00000000000000000000037 /* OAuthSessionCoordinator.swift */ = {isa = PBXFileReference; lastKnownFileType = sourcecode.swift; path = OAuthSessionCoordinator.swift; sourceTree = "<group>"; };
		A00000000000000000000038 /* UIApplication+KeyWindow.swift */ = {isa = PBXFileReference; lastKnownFileType = sourcecode.swift; path = "UIApplication+KeyWindow.swift"; sourceTree = "<group>"; };
		A00000000000000000000043 /* NativeAppleSignInCoordinator.swift */ = {isa = PBXFileReference; lastKnownFileType = sourcecode.swift; path = NativeAppleSignInCoordinator.swift; sourceTree = "<group>"; };
		A00000000000000000000044 /* Nurio.entitlements */ = {isa = PBXFileReference; lastKnownFileType = text.plist.entitlements; path = Nurio.entitlements; sourceTree = "<group>"; };
		A00000000000000000000039 /* CustomerScopeRouteDecisionHandler.swift */ = {isa = PBXFileReference; lastKnownFileType = sourcecode.swift; path = CustomerScopeRouteDecisionHandler.swift; sourceTree = "<group>"; };
		A0000000000000000000003A /* OAuthRouteDecisionHandler.swift */ = {isa = PBXFileReference; lastKnownFileType = sourcecode.swift; path = OAuthRouteDecisionHandler.swift; sourceTree = "<group>"; };
		A0000000000000000000003B /* SignInWithOAuthComponent.swift */ = {isa = PBXFileReference; lastKnownFileType = sourcecode.swift; path = SignInWithOAuthComponent.swift; sourceTree = "<group>"; };
		A0000000000000000000003C /* Assets.xcassets */ = {isa = PBXFileReference; lastKnownFileType = folder.assetcatalog; path = Assets.xcassets; sourceTree = "<group>"; };
		A0000000000000000000003D /* Base */ = {isa = PBXFileReference; lastKnownFileType = file.storyboard; name = Base; path = Base.lproj/LaunchScreen.storyboard; sourceTree = "<group>"; };
		A0000000000000000000003E /* Info.plist */ = {isa = PBXFileReference; lastKnownFileType = text.plist.xml; path = Info.plist; sourceTree = "<group>"; };
		A0000000000000000000003F /* ios_v1.json */ = {isa = PBXFileReference; lastKnownFileType = text.json; name = ios_v1.json; path = ../shared/configurations/ios_v1.json; sourceTree = SOURCE_ROOT; };
		A00000000000000000000040 /* NurioTests.xctest */ = {isa = PBXFileReference; explicitFileType = wrapper.cfbundle; includeInIndex = 0; path = NurioTests.xctest; sourceTree = BUILT_PRODUCTS_DIR; };
		A00000000000000000000041 /* NurioTests.swift */ = {isa = PBXFileReference; lastKnownFileType = sourcecode.swift; path = NurioTests.swift; sourceTree = "<group>"; };
		A00000000000000000000042 /* PrivacyInfo.xcprivacy */ = {isa = PBXFileReference; lastKnownFileType = text.xml; path = PrivacyInfo.xcprivacy; sourceTree = "<group>"; };
/* End PBXFileReference section */

/* Begin PBXFrameworksBuildPhase section */
		A00000000000000000000050 /* Frameworks */ = {
			isa = PBXFrameworksBuildPhase;
			buildActionMask = 2147483647;
			files = (
				A0000000000000000000000F /* HotwireNative in Frameworks */,
			);
			runOnlyForDeploymentPostprocessing = 0;
		};
		A00000000000000000000051 /* Frameworks */ = {
			isa = PBXFrameworksBuildPhase;
			buildActionMask = 2147483647;
			files = (
			);
			runOnlyForDeploymentPostprocessing = 0;
		};
/* End PBXFrameworksBuildPhase section */

/* Begin PBXGroup section */
		A00000000000000000000060 = {
			isa = PBXGroup;
			children = (
				A00000000000000000000062 /* Nurio */,
				A00000000000000000000066 /* Tests */,
				A00000000000000000000061 /* Products */,
			);
			sourceTree = "<group>";
		};
		A00000000000000000000061 /* Products */ = {
			isa = PBXGroup;
			children = (
				A00000000000000000000030 /* Nurio.app */,
				A00000000000000000000040 /* NurioTests.xctest */,
			);
			name = Products;
			sourceTree = "<group>";
		};
		A00000000000000000000062 /* Nurio */ = {
			isa = PBXGroup;
			children = (
				A00000000000000000000063 /* Support */,
				A00000000000000000000064 /* Routing */,
				A00000000000000000000065 /* Bridge */,
				A00000000000000000000031 /* AppDelegate.swift */,
				A00000000000000000000032 /* SceneController.swift */,
				A0000000000000000000003E /* Info.plist */,
				A00000000000000000000042 /* PrivacyInfo.xcprivacy */,
				A0000000000000000000003C /* Assets.xcassets */,
				A000000000000000000000A0 /* LaunchScreen.storyboard */,
				A0000000000000000000003F /* ios_v1.json */,
			);
			name = Nurio;
			sourceTree = "<group>";
		};
		A00000000000000000000063 /* Support */ = {
			isa = PBXGroup;
			children = (
				A00000000000000000000033 /* AppEnvironment.swift */,
				A00000000000000000000034 /* AppRouteCoordinator.swift */,
				A00000000000000000000035 /* CustomerScopePolicy.swift */,
				A00000000000000000000036 /* NativeAuthCallback.swift */,
				A00000000000000000000037 /* OAuthSessionCoordinator.swift */,
				A00000000000000000000038 /* UIApplication+KeyWindow.swift */,
				A00000000000000000000043 /* NativeAppleSignInCoordinator.swift */,
				A00000000000000000000044 /* Nurio.entitlements */,
			);
			name = Support;
			sourceTree = "<group>";
		};
		A00000000000000000000064 /* Routing */ = {
			isa = PBXGroup;
			children = (
				A00000000000000000000039 /* CustomerScopeRouteDecisionHandler.swift */,
				A0000000000000000000003A /* OAuthRouteDecisionHandler.swift */,
			);
			path = Routing;
			sourceTree = "<group>";
		};
		A00000000000000000000065 /* Bridge */ = {
			isa = PBXGroup;
			children = (
				A0000000000000000000003B /* SignInWithOAuthComponent.swift */,
			);
			path = Bridge;
			sourceTree = "<group>";
		};
		A00000000000000000000066 /* Tests */ = {
			isa = PBXGroup;
			children = (
				A00000000000000000000041 /* NurioTests.swift */,
			);
			path = Tests;
			sourceTree = "<group>";
		};
/* End PBXGroup section */

/* Begin PBXNativeTarget section */
		A00000000000000000000070 /* Nurio */ = {
			isa = PBXNativeTarget;
			buildConfigurationList = A000000000000000000000B9 /* Build configuration list for PBXNativeTarget "Nurio" */;
			buildPhases = (
				A00000000000000000000080 /* Sources */,
				A00000000000000000000050 /* Frameworks */,
				A00000000000000000000081 /* Resources */,
			);
			buildRules = (
			);
			dependencies = (
			);
			name = Nurio;
			packageProductDependencies = (
				A000000000000000000000C1 /* HotwireNative */,
			);
			productName = Nurio;
			productReference = A00000000000000000000030 /* Nurio.app */;
			productType = "com.apple.product-type.application";
		};
		A00000000000000000000071 /* NurioTests */ = {
			isa = PBXNativeTarget;
			buildConfigurationList = A000000000000000000000BA /* Build configuration list for PBXNativeTarget "NurioTests" */;
			buildPhases = (
				A00000000000000000000082 /* Sources */,
				A00000000000000000000051 /* Frameworks */,
				A00000000000000000000083 /* Resources */,
			);
			buildRules = (
			);
			dependencies = (
				A00000000000000000000090 /* PBXTargetDependency */,
			);
			name = NurioTests;
			productName = NurioTests;
			productReference = A00000000000000000000040 /* NurioTests.xctest */;
			productType = "com.apple.product-type.bundle.unit-test";
		};
/* End PBXNativeTarget section */

/* Begin PBXProject section */
		A00000000000000000000100 /* Project object */ = {
			isa = PBXProject;
			attributes = {
				BuildIndependentTargetsInParallel = 1;
				LastSwiftUpdateCheck = 1530;
				LastUpgradeCheck = 1530;
				TargetAttributes = {
					A00000000000000000000070 = {
						CreatedOnToolsVersion = 15.3;
					};
					A00000000000000000000071 = {
						CreatedOnToolsVersion = 15.3;
						TestTargetID = A00000000000000000000070;
					};
				};
			};
			buildConfigurationList = A000000000000000000000B8 /* Build configuration list for PBXProject "Nurio" */;
			compatibilityVersion = "Xcode 14.0";
			developmentRegion = en;
			hasScannedForEncodings = 0;
			knownRegions = (
				en,
				Base,
			);
			mainGroup = A00000000000000000000060;
			packageReferences = (
				A000000000000000000000C0 /* XCRemoteSwiftPackageReference "hotwire-native-ios" */,
			);
			productRefGroup = A00000000000000000000061 /* Products */;
			projectDirPath = "";
			projectRoot = "";
			targets = (
				A00000000000000000000070 /* Nurio */,
				A00000000000000000000071 /* NurioTests */,
			);
		};
/* End PBXProject section */

/* Begin PBXResourcesBuildPhase section */
		A00000000000000000000081 /* Resources */ = {
			isa = PBXResourcesBuildPhase;
			buildActionMask = 2147483647;
			files = (
				A0000000000000000000000C /* Assets.xcassets in Resources */,
				A0000000000000000000000D /* LaunchScreen.storyboard in Resources */,
				A0000000000000000000000E /* ios_v1.json in Resources */,
				A00000000000000000000011 /* PrivacyInfo.xcprivacy in Resources */,
			);
			runOnlyForDeploymentPostprocessing = 0;
		};
		A00000000000000000000083 /* Resources */ = {
			isa = PBXResourcesBuildPhase;
			buildActionMask = 2147483647;
			files = (
			);
			runOnlyForDeploymentPostprocessing = 0;
		};
/* End PBXResourcesBuildPhase section */

/* Begin PBXSourcesBuildPhase section */
		A00000000000000000000080 /* Sources */ = {
			isa = PBXSourcesBuildPhase;
			buildActionMask = 2147483647;
			files = (
				A00000000000000000000001 /* AppDelegate.swift in Sources */,
				A00000000000000000000002 /* SceneController.swift in Sources */,
				A00000000000000000000003 /* AppEnvironment.swift in Sources */,
				A00000000000000000000004 /* AppRouteCoordinator.swift in Sources */,
				A00000000000000000000005 /* CustomerScopePolicy.swift in Sources */,
				A00000000000000000000006 /* NativeAuthCallback.swift in Sources */,
				A00000000000000000000007 /* OAuthSessionCoordinator.swift in Sources */,
				A00000000000000000000008 /* UIApplication+KeyWindow.swift in Sources */,
				A00000000000000000000009 /* CustomerScopeRouteDecisionHandler.swift in Sources */,
				A0000000000000000000000A /* OAuthRouteDecisionHandler.swift in Sources */,
				A0000000000000000000000B /* SignInWithOAuthComponent.swift in Sources */,
				A00000000000000000000012 /* NativeAppleSignInCoordinator.swift in Sources */,
			);
			runOnlyForDeploymentPostprocessing = 0;
		};
		A00000000000000000000082 /* Sources */ = {
			isa = PBXSourcesBuildPhase;
			buildActionMask = 2147483647;
			files = (
				A00000000000000000000010 /* NurioTests.swift in Sources */,
			);
			runOnlyForDeploymentPostprocessing = 0;
		};
/* End PBXSourcesBuildPhase section */

/* Begin PBXTargetDependency section */
		A00000000000000000000090 /* PBXTargetDependency */ = {
			isa = PBXTargetDependency;
			target = A00000000000000000000070 /* Nurio */;
			targetProxy = A00000000000000000000020 /* PBXContainerItemProxy */;
		};
/* End PBXTargetDependency section */

/* Begin PBXVariantGroup section */
		A000000000000000000000A0 /* LaunchScreen.storyboard */ = {
			isa = PBXVariantGroup;
			children = (
				A0000000000000000000003D /* Base */,
			);
			name = LaunchScreen.storyboard;
			sourceTree = "<group>";
		};
/* End PBXVariantGroup section */

/* Begin XCBuildConfiguration section */
		A000000000000000000000B0 /* Debug */ = {
			isa = XCBuildConfiguration;
			buildSettings = {
				ALWAYS_SEARCH_USER_PATHS = NO;
				ASSETCATALOG_COMPILER_GENERATE_SWIFT_ASSET_SYMBOL_EXTENSIONS = YES;
				CLANG_ANALYZER_NONNULL = YES;
				CLANG_ANALYZER_NUMBER_OBJECT_CONVERSION = YES_AGGRESSIVE;
				CLANG_CXX_LANGUAGE_STANDARD = "gnu++20";
				CLANG_ENABLE_MODULES = YES;
				CLANG_ENABLE_OBJC_ARC = YES;
				CLANG_ENABLE_OBJC_WEAK = YES;
				CLANG_WARN_BLOCK_CAPTURE_AUTORELEASING = YES;
				CLANG_WARN_BOOL_CONVERSION = YES;
				CLANG_WARN_COMMA = YES;
				CLANG_WARN_CONSTANT_CONVERSION = YES;
				CLANG_WARN_DEPRECATED_OBJC_IMPLEMENTATIONS = YES;
				CLANG_WARN_DIRECT_OBJC_ISA_USAGE = YES_ERROR;
				CLANG_WARN_DOCUMENTATION_COMMENTS = YES;
				CLANG_WARN_EMPTY_BODY = YES;
				CLANG_WARN_ENUM_CONVERSION = YES;
				CLANG_WARN_INFINITE_RECURSION = YES;
				CLANG_WARN_INT_CONVERSION = YES;
				CLANG_WARN_NON_LITERAL_NULL_CONVERSION = YES;
				CLANG_WARN_OBJC_IMPLICIT_RETAIN_SELF = YES;
				CLANG_WARN_OBJC_LITERAL_CONVERSION = YES;
				CLANG_WARN_OBJC_ROOT_CLASS = YES_ERROR;
				CLANG_WARN_QUOTED_INCLUDE_IN_FRAMEWORK_HEADER = YES;
				CLANG_WARN_RANGE_LOOP_ANALYSIS = YES;
				CLANG_WARN_STRICT_PROTOTYPES = YES;
				CLANG_WARN_SUSPICIOUS_MOVE = YES;
				CLANG_WARN_UNGUARDED_AVAILABILITY = YES_AGGRESSIVE;
				CLANG_WARN_UNREACHABLE_CODE = YES;
				CLANG_WARN__DUPLICATE_METHOD_MATCH = YES;
				COPY_PHASE_STRIP = NO;
				DEBUG_INFORMATION_FORMAT = dwarf;
				ENABLE_STRICT_OBJC_MSGSEND = YES;
				ENABLE_TESTABILITY = YES;
				ENABLE_USER_SCRIPT_SANDBOXING = YES;
				GCC_C_LANGUAGE_STANDARD = gnu17;
				GCC_DYNAMIC_NO_PIC = NO;
				GCC_NO_COMMON_BLOCKS = YES;
				GCC_OPTIMIZATION_LEVEL = 0;
				GCC_PREPROCESSOR_DEFINITIONS = (
					"DEBUG=1",
					"$(inherited)",
				);
				GCC_WARN_64_TO_32_BIT_CONVERSION = YES;
				GCC_WARN_ABOUT_RETURN_TYPE = YES_ERROR;
				GCC_WARN_UNDECLARED_SELECTOR = YES;
				GCC_WARN_UNINITIALIZED_AUTOS = YES_AGGRESSIVE;
				GCC_WARN_UNUSED_FUNCTION = YES;
				GCC_WARN_UNUSED_VARIABLE = YES;
				IPHONEOS_DEPLOYMENT_TARGET = 15.6;
				LOCALIZATION_PREFERS_STRING_CATALOGS = YES;
				MTL_ENABLE_DEBUG_INFO = INCLUDE_SOURCE;
				MTL_FAST_MATH = YES;
				ONLY_ACTIVE_ARCH = YES;
				SDKROOT = iphoneos;
				SWIFT_ACTIVE_COMPILATION_CONDITIONS = "DEBUG $(inherited)";
				SWIFT_OPTIMIZATION_LEVEL = "-Onone";
			};
			name = Debug;
		};
		A000000000000000000000B1 /* Release */ = {
			isa = XCBuildConfiguration;
			buildSettings = {
				ALWAYS_SEARCH_USER_PATHS = NO;
				ASSETCATALOG_COMPILER_GENERATE_SWIFT_ASSET_SYMBOL_EXTENSIONS = YES;
				CLANG_ANALYZER_NONNULL = YES;
				CLANG_ANALYZER_NUMBER_OBJECT_CONVERSION = YES_AGGRESSIVE;
				CLANG_CXX_LANGUAGE_STANDARD = "gnu++20";
				CLANG_ENABLE_MODULES = YES;
				CLANG_ENABLE_OBJC_ARC = YES;
				CLANG_ENABLE_OBJC_WEAK = YES;
				CLANG_WARN_BLOCK_CAPTURE_AUTORELEASING = YES;
				CLANG_WARN_BOOL_CONVERSION = YES;
				CLANG_WARN_COMMA = YES;
				CLANG_WARN_CONSTANT_CONVERSION = YES;
				CLANG_WARN_DEPRECATED_OBJC_IMPLEMENTATIONS = YES;
				CLANG_WARN_DIRECT_OBJC_ISA_USAGE = YES_ERROR;
				CLANG_WARN_DOCUMENTATION_COMMENTS = YES;
				CLANG_WARN_EMPTY_BODY = YES;
				CLANG_WARN_ENUM_CONVERSION = YES;
				CLANG_WARN_INFINITE_RECURSION = YES;
				CLANG_WARN_INT_CONVERSION = YES;
				CLANG_WARN_NON_LITERAL_NULL_CONVERSION = YES;
				CLANG_WARN_OBJC_IMPLICIT_RETAIN_SELF = YES;
				CLANG_WARN_OBJC_LITERAL_CONVERSION = YES;
				CLANG_WARN_OBJC_ROOT_CLASS = YES_ERROR;
				CLANG_WARN_QUOTED_INCLUDE_IN_FRAMEWORK_HEADER = YES;
				CLANG_WARN_RANGE_LOOP_ANALYSIS = YES;
				CLANG_WARN_STRICT_PROTOTYPES = YES;
				CLANG_WARN_SUSPICIOUS_MOVE = YES;
				CLANG_WARN_UNGUARDED_AVAILABILITY = YES_AGGRESSIVE;
				CLANG_WARN_UNREACHABLE_CODE = YES;
				CLANG_WARN__DUPLICATE_METHOD_MATCH = YES;
				COPY_PHASE_STRIP = NO;
				DEBUG_INFORMATION_FORMAT = "dwarf-with-dsym";
				ENABLE_NS_ASSERTIONS = NO;
				ENABLE_STRICT_OBJC_MSGSEND = YES;
				ENABLE_USER_SCRIPT_SANDBOXING = YES;
				GCC_C_LANGUAGE_STANDARD = gnu17;
				GCC_NO_COMMON_BLOCKS = YES;
				GCC_WARN_64_TO_32_BIT_CONVERSION = YES;
				GCC_WARN_ABOUT_RETURN_TYPE = YES_ERROR;
				GCC_WARN_UNDECLARED_SELECTOR = YES;
				GCC_WARN_UNINITIALIZED_AUTOS = YES_AGGRESSIVE;
				GCC_WARN_UNUSED_FUNCTION = YES;
				GCC_WARN_UNUSED_VARIABLE = YES;
				IPHONEOS_DEPLOYMENT_TARGET = 15.6;
				LOCALIZATION_PREFERS_STRING_CATALOGS = YES;
				MTL_ENABLE_DEBUG_INFO = NO;
				MTL_FAST_MATH = YES;
				SDKROOT = iphoneos;
				SWIFT_COMPILATION_MODE = wholemodule;
				VALIDATE_PRODUCT = YES;
			};
			name = Release;
		};
		A000000000000000000000B2 /* Debug */ = {
			isa = XCBuildConfiguration;
			buildSettings = {
				ASSETCATALOG_COMPILER_APPICON_NAME = AppIcon;
				ASSETCATALOG_COMPILER_GLOBAL_ACCENT_COLOR_NAME = AccentColor;
				CODE_SIGN_ENTITLEMENTS = Nurio.entitlements;
				CODE_SIGN_STYLE = Automatic;
				CURRENT_PROJECT_VERSION = 1;
				DEVELOPMENT_TEAM = M83USWXB66;
				GENERATE_INFOPLIST_FILE = NO;
				INFOPLIST_FILE = Info.plist;
				INFOPLIST_KEY_UIApplicationSupportsIndirectInputEvents = YES;
				INFOPLIST_KEY_UILaunchStoryboardName = LaunchScreen;
				INFOPLIST_KEY_UISupportedInterfaceOrientations_iPhone = "UIInterfaceOrientationPortrait UIInterfaceOrientationLandscapeLeft UIInterfaceOrientationLandscapeRight";
				IPHONEOS_DEPLOYMENT_TARGET = 15.6;
				LD_RUNPATH_SEARCH_PATHS = (
					"$(inherited)",
					"@executable_path/Frameworks",
				);
				MARKETING_VERSION = 1.0.1;
				PRODUCT_BUNDLE_IDENTIFIER = com.nurio.ios;
				PRODUCT_NAME = "$(TARGET_NAME)";
				SUPPORTED_PLATFORMS = "iphoneos iphonesimulator";
				SUPPORTS_MACCATALYST = NO;
				SUPPORTS_MAC_DESIGNED_FOR_IPHONE_IPAD = NO;
				SUPPORTS_XR_DESIGNED_FOR_IPHONE_IPAD = NO;
				SWIFT_EMIT_LOC_STRINGS = YES;
				SWIFT_VERSION = 5.0;
				TARGETED_DEVICE_FAMILY = 1;
			};
			name = Debug;
		};
		A000000000000000000000B3 /* Release */ = {
			isa = XCBuildConfiguration;
			buildSettings = {
				ASSETCATALOG_COMPILER_APPICON_NAME = AppIcon;
				ASSETCATALOG_COMPILER_GLOBAL_ACCENT_COLOR_NAME = AccentColor;
				CODE_SIGN_ENTITLEMENTS = Nurio.entitlements;
				CODE_SIGN_STYLE = Automatic;
				CURRENT_PROJECT_VERSION = 1;
				DEVELOPMENT_TEAM = M83USWXB66;
				GENERATE_INFOPLIST_FILE = NO;
				INFOPLIST_FILE = Info.plist;
				INFOPLIST_KEY_UIApplicationSupportsIndirectInputEvents = YES;
				INFOPLIST_KEY_UILaunchStoryboardName = LaunchScreen;
				INFOPLIST_KEY_UISupportedInterfaceOrientations_iPhone = "UIInterfaceOrientationPortrait UIInterfaceOrientationLandscapeLeft UIInterfaceOrientationLandscapeRight";
				IPHONEOS_DEPLOYMENT_TARGET = 15.6;
				LD_RUNPATH_SEARCH_PATHS = (
					"$(inherited)",
					"@executable_path/Frameworks",
				);
				MARKETING_VERSION = 1.0.1;
				PRODUCT_BUNDLE_IDENTIFIER = com.nurio.ios;
				PRODUCT_NAME = "$(TARGET_NAME)";
				SUPPORTED_PLATFORMS = "iphoneos iphonesimulator";
				SUPPORTS_MACCATALYST = NO;
				SUPPORTS_MAC_DESIGNED_FOR_IPHONE_IPAD = NO;
				SUPPORTS_XR_DESIGNED_FOR_IPHONE_IPAD = NO;
				SWIFT_EMIT_LOC_STRINGS = YES;
				SWIFT_VERSION = 5.0;
				TARGETED_DEVICE_FAMILY = 1;
			};
			name = Release;
		};
		A000000000000000000000B4 /* Debug */ = {
			isa = XCBuildConfiguration;
			buildSettings = {
				BUNDLE_LOADER = "$(TEST_HOST)";
				CODE_SIGN_STYLE = Automatic;
				CURRENT_PROJECT_VERSION = 1;
				GENERATE_INFOPLIST_FILE = YES;
				MARKETING_VERSION = 1.0.1;
				PRODUCT_BUNDLE_IDENTIFIER = com.nurio.ios.tests;
				PRODUCT_NAME = "$(TARGET_NAME)";
				SWIFT_ACTIVE_COMPILATION_CONDITIONS = DEBUG;
				SWIFT_OPTIMIZATION_LEVEL = "-Onone";
				SWIFT_VERSION = 5.0;
				TEST_HOST = "$(BUILT_PRODUCTS_DIR)/Nurio.app/$(BUNDLE_EXECUTABLE_FOLDER_PATH)/Nurio";
			};
			name = Debug;
		};
		A000000000000000000000B5 /* Release */ = {
			isa = XCBuildConfiguration;
			buildSettings = {
				BUNDLE_LOADER = "$(TEST_HOST)";
				CODE_SIGN_STYLE = Automatic;
				CURRENT_PROJECT_VERSION = 1;
				GENERATE_INFOPLIST_FILE = YES;
				MARKETING_VERSION = 1.0.1;
				PRODUCT_BUNDLE_IDENTIFIER = com.nurio.ios.tests;
				PRODUCT_NAME = "$(TARGET_NAME)";
				SWIFT_VERSION = 5.0;
				TEST_HOST = "$(BUILT_PRODUCTS_DIR)/Nurio.app/$(BUNDLE_EXECUTABLE_FOLDER_PATH)/Nurio";
			};
			name = Release;
		};
/* End XCBuildConfiguration section */

/* Begin XCConfigurationList section */
		A000000000000000000000B8 /* Build configuration list for PBXProject "Nurio" */ = {
			isa = XCConfigurationList;
			buildConfigurations = (
				A000000000000000000000B0 /* Debug */,
				A000000000000000000000B1 /* Release */,
			);
			defaultConfigurationIsVisible = 0;
			defaultConfigurationName = Release;
		};
		A000000000000000000000B9 /* Build configuration list for PBXNativeTarget "Nurio" */ = {
			isa = XCConfigurationList;
			buildConfigurations = (
				A000000000000000000000B2 /* Debug */,
				A000000000000000000000B3 /* Release */,
			);
			defaultConfigurationIsVisible = 0;
			defaultConfigurationName = Release;
		};
		A000000000000000000000BA /* Build configuration list for PBXNativeTarget "NurioTests" */ = {
			isa = XCConfigurationList;
			buildConfigurations = (
				A000000000000000000000B4 /* Debug */,
				A000000000000000000000B5 /* Release */,
			);
			defaultConfigurationIsVisible = 0;
			defaultConfigurationName = Release;
		};
/* End XCConfigurationList section */

/* Begin XCRemoteSwiftPackageReference section */
		A000000000000000000000C0 /* XCRemoteSwiftPackageReference "hotwire-native-ios" */ = {
			isa = XCRemoteSwiftPackageReference;
			repositoryURL = "https://github.com/hotwired/hotwire-native-ios.git";
			requirement = {
				kind = exactVersion;
				version = 1.2.2;
			};
		};
/* End XCRemoteSwiftPackageReference section */

/* Begin XCSwiftPackageProductDependency section */
		A000000000000000000000C1 /* HotwireNative */ = {
			isa = XCSwiftPackageProductDependency;
			package = A000000000000000000000C0 /* XCRemoteSwiftPackageReference "hotwire-native-ios" */;
			productName = HotwireNative;
		};
/* End XCSwiftPackageProductDependency section */
	};
	rootObject = A00000000000000000000100 /* Project object */;
}
